// !$*UTF8*$!
{
	archiveVersion = 1;
	classes = {
	};
	objectVersion = 48;
	objects = {

/* Begin PBXBuildFile section */
		3C86FAD1EDEEF20A7050B876 /* Pods_RiBoScheduleAssistant.framework in Frameworks */ = {isa = PBXBuildFile; fileRef = C5079930A74A2E62F74B608D /* Pods_RiBoScheduleAssistant.framework */; };
		D04BDD752057734B0015CCDB /* credentials.plist in Resources */ = {isa = PBXBuildFile; fileRef = D04BDD742057734B0015CCDB /* credentials.plist */; };
		D04BDD9B2057B7D60015CCDB /* FSCalendar+Deprecated.m in Sources */ = {isa = PBXBuildFile; fileRef = D04BDD7A2057B7D60015CCDB /* FSCalendar+Deprecated.m */; };
		D04BDD9C2057B7D60015CCDB /* FSCalendar.m in Sources */ = {isa = PBXBuildFile; fileRef = D04BDD7C2057B7D60015CCDB /* FSCalendar.m */; };
		D04BDD9D2057B7D60015CCDB /* FSCalendarAppearance.m in Sources */ = {isa = PBXBuildFile; fileRef = D04BDD7E2057B7D60015CCDB /* FSCalendarAppearance.m */; };
		D04BDD9E2057B7D60015CCDB /* FSCalendarCalculator.m in Sources */ = {isa = PBXBuildFile; fileRef = D04BDD802057B7D60015CCDB /* FSCalendarCalculator.m */; };
		D04BDD9F2057B7D60015CCDB /* FSCalendarCell.m in Sources */ = {isa = PBXBuildFile; fileRef = D04BDD822057B7D60015CCDB /* FSCalendarCell.m */; };
		D04BDDA02057B7D60015CCDB /* FSCalendarCollectionView.m in Sources */ = {isa = PBXBuildFile; fileRef = D04BDD842057B7D60015CCDB /* FSCalendarCollectionView.m */; };
		D04BDDA12057B7D60015CCDB /* FSCalendarCollectionViewLayout.m in Sources */ = {isa = PBXBuildFile; fileRef = D04BDD862057B7D60015CCDB /* FSCalendarCollectionViewLayout.m */; };
		D04BDDA22057B7D60015CCDB /* FSCalendarConstants.m in Sources */ = {isa = PBXBuildFile; fileRef = D04BDD882057B7D60015CCDB /* FSCalendarConstants.m */; };
		D04BDDA32057B7D60015CCDB /* FSCalendarDelegationFactory.m in Sources */ = {isa = PBXBuildFile; fileRef = D04BDD8A2057B7D60015CCDB /* FSCalendarDelegationFactory.m */; };
		D04BDDA42057B7D60015CCDB /* FSCalendarDelegationProxy.m in Sources */ = {isa = PBXBuildFile; fileRef = D04BDD8C2057B7D60015CCDB /* FSCalendarDelegationProxy.m */; };
		D04BDDA52057B7D60015CCDB /* FSCalendarExtensions.m in Sources */ = {isa = PBXBuildFile; fileRef = D04BDD8F2057B7D60015CCDB /* FSCalendarExtensions.m */; };
		D04BDDA62057B7D60015CCDB /* FSCalendarHeaderView.m in Sources */ = {isa = PBXBuildFile; fileRef = D04BDD912057B7D60015CCDB /* FSCalendarHeaderView.m */; };
		D04BDDA72057B7D60015CCDB /* FSCalendarScopeHandle.m in Sources */ = {isa = PBXBuildFile; fileRef = D04BDD932057B7D60015CCDB /* FSCalendarScopeHandle.m */; };
		D04BDDA82057B7D60015CCDB /* FSCalendarStickyHeader.m in Sources */ = {isa = PBXBuildFile; fileRef = D04BDD952057B7D60015CCDB /* FSCalendarStickyHeader.m */; };
		D04BDDA92057B7D60015CCDB /* FSCalendarTransitionCoordinator.m in Sources */ = {isa = PBXBuildFile; fileRef = D04BDD972057B7D60015CCDB /* FSCalendarTransitionCoordinator.m */; };
		D04BDDAA2057B7D60015CCDB /* FSCalendarWeekdayView.m in Sources */ = {isa = PBXBuildFile; fileRef = D04BDD992057B7D60015CCDB /* FSCalendarWeekdayView.m */; };
		D04BDDAB2057B7D60015CCDB /* Info.plist in Resources */ = {isa = PBXBuildFile; fileRef = D04BDD9A2057B7D60015CCDB /* Info.plist */; };
		D0A41B602058BBB000DCF080 /* RTask.swift in Sources */ = {isa = PBXBuildFile; fileRef = D0A41B5F2058BBB000DCF080 /* RTask.swift */; };
		D0A41B622058BBD900DCF080 /* Task.swift in Sources */ = {isa = PBXBuildFile; fileRef = D0A41B612058BBD900DCF080 /* Task.swift */; };
		D0A41B642058C8F600DCF080 /* AddNewTaskTableViewController.swift in Sources */ = {isa = PBXBuildFile; fileRef = D0A41B632058C8F600DCF080 /* AddNewTaskTableViewController.swift */; };
		D0A41B682058CD1C00DCF080 /* AllTaskTableViewCell.swift in Sources */ = {isa = PBXBuildFile; fileRef = D0A41B672058CD1C00DCF080 /* AllTaskTableViewCell.swift */; };
		D0A41B6B2058CE9E00DCF080 /* AppID.swift in Sources */ = {isa = PBXBuildFile; fileRef = D0A41B6A2058CE9E00DCF080 /* AppID.swift */; };
		D0A41B6E2058D68000DCF080 /* Extension.swift in Sources */ = {isa = PBXBuildFile; fileRef = D0A41B6D2058D68000DCF080 /* Extension.swift */; };
		D0A41B70205907F800DCF080 /* CalendarViewController.swift in Sources */ = {isa = PBXBuildFile; fileRef = D0A41B6F205907F800DCF080 /* CalendarViewController.swift */; };
		D0A41B72205910E100DCF080 /* Event.swift in Sources */ = {isa = PBXBuildFile; fileRef = D0A41B71205910E100DCF080 /* Event.swift */; };
		D0A41B742059251100DCF080 /* AddNewEventTableViewController.swift in Sources */ = {isa = PBXBuildFile; fileRef = D0A41B732059251100DCF080 /* AddNewEventTableViewController.swift */; };
		D0B7675820581857002BEF8B /* AllTaskViewController.swift in Sources */ = {isa = PBXBuildFile; fileRef = D0B7675720581857002BEF8B /* AllTaskViewController.swift */; };
		D0E60467205121CF00BF7F87 /* AppDelegate.swift in Sources */ = {isa = PBXBuildFile; fileRef = D0E60466205121CF00BF7F87 /* AppDelegate.swift */; };
		D0E60469205121CF00BF7F87 /* ViewController.swift in Sources */ = {isa = PBXBuildFile; fileRef = D0E60468205121CF00BF7F87 /* ViewController.swift */; };
		D0E6046C205121CF00BF7F87 /* Main.storyboard in Resources */ = {isa = PBXBuildFile; fileRef = D0E6046A205121CF00BF7F87 /* Main.storyboard */; };
		D0E6046E205121CF00BF7F87 /* Assets.xcassets in Resources */ = {isa = PBXBuildFile; fileRef = D0E6046D205121CF00BF7F87 /* Assets.xcassets */; };
		D0E60471205121CF00BF7F87 /* LaunchScreen.storyboard in Resources */ = {isa = PBXBuildFile; fileRef = D0E6046F205121CF00BF7F87 /* LaunchScreen.storyboard */; };
/* End PBXBuildFile section */

/* Begin PBXFileReference section */
		4265980FD08BD5A20C5D0ED5 /* Pods-RiBoScheduleAssistant.debug.xcconfig */ = {isa = PBXFileReference; includeInIndex = 1; lastKnownFileType = text.xcconfig; name = "Pods-RiBoScheduleAssistant.debug.xcconfig"; path = "Pods/Target Support Files/Pods-RiBoScheduleAssistant/Pods-RiBoScheduleAssistant.debug.xcconfig"; sourceTree = "<group>"; };
		9FAA6BD699EF85603C0349D2 /* Pods-RiBoScheduleAssistant.release.xcconfig */ = {isa = PBXFileReference; includeInIndex = 1; lastKnownFileType = text.xcconfig; name = "Pods-RiBoScheduleAssistant.release.xcconfig"; path = "Pods/Target Support Files/Pods-RiBoScheduleAssistant/Pods-RiBoScheduleAssistant.release.xcconfig"; sourceTree = "<group>"; };
		C5079930A74A2E62F74B608D /* Pods_RiBoScheduleAssistant.framework */ = {isa = PBXFileReference; explicitFileType = wrapper.framework; includeInIndex = 0; path = Pods_RiBoScheduleAssistant.framework; sourceTree = BUILT_PRODUCTS_DIR; };
		D04BDD742057734B0015CCDB /* credentials.plist */ = {isa = PBXFileReference; fileEncoding = 4; lastKnownFileType = text.plist.xml; path = credentials.plist; sourceTree = "<group>"; };
		D04BDD762057B77D0015CCDB /* RiBoScheduleAssistant-Bridging-Header.h */ = {isa = PBXFileReference; lastKnownFileType = sourcecode.c.h; path = "RiBoScheduleAssistant-Bridging-Header.h"; sourceTree = "<group>"; };
		D04BDD7A2057B7D60015CCDB /* FSCalendar+Deprecated.m */ = {isa = PBXFileReference; fileEncoding = 4; lastKnownFileType = sourcecode.c.objc; path = "FSCalendar+Deprecated.m"; sourceTree = "<group>"; };
		D04BDD7B2057B7D60015CCDB /* FSCalendar.h */ = {isa = PBXFileReference; fileEncoding = 4; lastKnownFileType = sourcecode.c.h; path = FSCalendar.h; sourceTree = "<group>"; };
		D04BDD7C2057B7D60015CCDB /* FSCalendar.m */ = {isa = PBXFileReference; fileEncoding = 4; lastKnownFileType = sourcecode.c.objc; path = FSCalendar.m; sourceTree = "<group>"; };
		D04BDD7D2057B7D60015CCDB /* FSCalendarAppearance.h */ = {isa = PBXFileReference; fileEncoding = 4; lastKnownFileType = sourcecode.c.h; path = FSCalendarAppearance.h; sourceTree = "<group>"; };
		D04BDD7E2057B7D60015CCDB /* FSCalendarAppearance.m */ = {isa = PBXFileReference; fileEncoding = 4; lastKnownFileType = sourcecode.c.objc; path = FSCalendarAppearance.m; sourceTree = "<group>"; };
		D04BDD7F2057B7D60015CCDB /* FSCalendarCalculator.h */ = {isa = PBXFileReference; fileEncoding = 4; lastKnownFileType = sourcecode.c.h; path = FSCalendarCalculator.h; sourceTree = "<group>"; };
		D04BDD802057B7D60015CCDB /* FSCalendarCalculator.m */ = {isa = PBXFileReference; fileEncoding = 4; lastKnownFileType = sourcecode.c.objc; path = FSCalendarCalculator.m; sourceTree = "<group>"; };
		D04BDD812057B7D60015CCDB /* FSCalendarCell.h */ = {isa = PBXFileReference; fileEncoding = 4; lastKnownFileType = sourcecode.c.h; path = FSCalendarCell.h; sourceTree = "<group>"; };
		D04BDD822057B7D60015CCDB /* FSCalendarCell.m */ = {isa = PBXFileReference; fileEncoding = 4; lastKnownFileType = sourcecode.c.objc; path = FSCalendarCell.m; sourceTree = "<group>"; };
		D04BDD832057B7D60015CCDB /* FSCalendarCollectionView.h */ = {isa = PBXFileReference; fileEncoding = 4; lastKnownFileType = sourcecode.c.h; path = FSCalendarCollectionView.h; sourceTree = "<group>"; };
		D04BDD842057B7D60015CCDB /* FSCalendarCollectionView.m */ = {isa = PBXFileReference; fileEncoding = 4; lastKnownFileType = sourcecode.c.objc; path = FSCalendarCollectionView.m; sourceTree = "<group>"; };
		D04BDD852057B7D60015CCDB /* FSCalendarCollectionViewLayout.h */ = {isa = PBXFileReference; fileEncoding = 4; lastKnownFileType = sourcecode.c.h; path = FSCalendarCollectionViewLayout.h; sourceTree = "<group>"; };
		D04BDD862057B7D60015CCDB /* FSCalendarCollectionViewLayout.m */ = {isa = PBXFileReference; fileEncoding = 4; lastKnownFileType = sourcecode.c.objc; path = FSCalendarCollectionViewLayout.m; sourceTree = "<group>"; };
		D04BDD872057B7D60015CCDB /* FSCalendarConstants.h */ = {isa = PBXFileReference; fileEncoding = 4; lastKnownFileType = sourcecode.c.h; path = FSCalendarConstants.h; sourceTree = "<group>"; };
		D04BDD882057B7D60015CCDB /* FSCalendarConstants.m */ = {isa = PBXFileReference; fileEncoding = 4; lastKnownFileType = sourcecode.c.objc; path = FSCalendarConstants.m; sourceTree = "<group>"; };
		D04BDD892057B7D60015CCDB /* FSCalendarDelegationFactory.h */ = {isa = PBXFileReference; fileEncoding = 4; lastKnownFileType = sourcecode.c.h; path = FSCalendarDelegationFactory.h; sourceTree = "<group>"; };
		D04BDD8A2057B7D60015CCDB /* FSCalendarDelegationFactory.m */ = {isa = PBXFileReference; fileEncoding = 4; lastKnownFileType = sourcecode.c.objc; path = FSCalendarDelegationFactory.m; sourceTree = "<group>"; };
		D04BDD8B2057B7D60015CCDB /* FSCalendarDelegationProxy.h */ = {isa = PBXFileReference; fileEncoding = 4; lastKnownFileType = sourcecode.c.h; path = FSCalendarDelegationProxy.h; sourceTree = "<group>"; };
		D04BDD8C2057B7D60015CCDB /* FSCalendarDelegationProxy.m */ = {isa = PBXFileReference; fileEncoding = 4; lastKnownFileType = sourcecode.c.objc; path = FSCalendarDelegationProxy.m; sourceTree = "<group>"; };
		D04BDD8D2057B7D60015CCDB /* FSCalendarDynamicHeader.h */ = {isa = PBXFileReference; fileEncoding = 4; lastKnownFileType = sourcecode.c.h; path = FSCalendarDynamicHeader.h; sourceTree = "<group>"; };
		D04BDD8E2057B7D60015CCDB /* FSCalendarExtensions.h */ = {isa = PBXFileReference; fileEncoding = 4; lastKnownFileType = sourcecode.c.h; path = FSCalendarExtensions.h; sourceTree = "<group>"; };
		D04BDD8F2057B7D60015CCDB /* FSCalendarExtensions.m */ = {isa = PBXFileReference; fileEncoding = 4; lastKnownFileType = sourcecode.c.objc; path = FSCalendarExtensions.m; sourceTree = "<group>"; };
		D04BDD902057B7D60015CCDB /* FSCalendarHeaderView.h */ = {isa = PBXFileReference; fileEncoding = 4; lastKnownFileType = sourcecode.c.h; path = FSCalendarHeaderView.h; sourceTree = "<group>"; };
		D04BDD912057B7D60015CCDB /* FSCalendarHeaderView.m */ = {isa = PBXFileReference; fileEncoding = 4; lastKnownFileType = sourcecode.c.objc; path = FSCalendarHeaderView.m; sourceTree = "<group>"; };
		D04BDD922057B7D60015CCDB /* FSCalendarScopeHandle.h */ = {isa = PBXFileReference; fileEncoding = 4; lastKnownFileType = sourcecode.c.h; path = FSCalendarScopeHandle.h; sourceTree = "<group>"; };
		D04BDD932057B7D60015CCDB /* FSCalendarScopeHandle.m */ = {isa = PBXFileReference; fileEncoding = 4; lastKnownFileType = sourcecode.c.objc; path = FSCalendarScopeHandle.m; sourceTree = "<group>"; };
		D04BDD942057B7D60015CCDB /* FSCalendarStickyHeader.h */ = {isa = PBXFileReference; fileEncoding = 4; lastKnownFileType = sourcecode.c.h; path = FSCalendarStickyHeader.h; sourceTree = "<group>"; };
		D04BDD952057B7D60015CCDB /* FSCalendarStickyHeader.m */ = {isa = PBXFileReference; fileEncoding = 4; lastKnownFileType = sourcecode.c.objc; path = FSCalendarStickyHeader.m; sourceTree = "<group>"; };
		D04BDD962057B7D60015CCDB /* FSCalendarTransitionCoordinator.h */ = {isa = PBXFileReference; fileEncoding = 4; lastKnownFileType = sourcecode.c.h; path = FSCalendarTransitionCoordinator.h; sourceTree = "<group>"; };
		D04BDD972057B7D60015CCDB /* FSCalendarTransitionCoordinator.m */ = {isa = PBXFileReference; fileEncoding = 4; lastKnownFileType = sourcecode.c.objc; path = FSCalendarTransitionCoordinator.m; sourceTree = "<group>"; };
		D04BDD982057B7D60015CCDB /* FSCalendarWeekdayView.h */ = {isa = PBXFileReference; fileEncoding = 4; lastKnownFileType = sourcecode.c.h; path = FSCalendarWeekdayView.h; sourceTree = "<group>"; };
		D04BDD992057B7D60015CCDB /* FSCalendarWeekdayView.m */ = {isa = PBXFileReference; fileEncoding = 4; lastKnownFileType = sourcecode.c.objc; path = FSCalendarWeekdayView.m; sourceTree = "<group>"; };
		D04BDD9A2057B7D60015CCDB /* Info.plist */ = {isa = PBXFileReference; fileEncoding = 4; lastKnownFileType = text.plist.xml; path = Info.plist; sourceTree = "<group>"; };
		D0A41B5F2058BBB000DCF080 /* RTask.swift */ = {isa = PBXFileReference; lastKnownFileType = sourcecode.swift; path = RTask.swift; sourceTree = "<group>"; };
		D0A41B612058BBD900DCF080 /* Task.swift */ = {isa = PBXFileReference; lastKnownFileType = sourcecode.swift; path = Task.swift; sourceTree = "<group>"; };
		D0A41B632058C8F600DCF080 /* AddNewTaskTableViewController.swift */ = {isa = PBXFileReference; lastKnownFileType = sourcecode.swift; path = AddNewTaskTableViewController.swift; sourceTree = "<group>"; };
		D0A41B672058CD1C00DCF080 /* AllTaskTableViewCell.swift */ = {isa = PBXFileReference; lastKnownFileType = sourcecode.swift; path = AllTaskTableViewCell.swift; sourceTree = "<group>"; };
		D0A41B6A2058CE9E00DCF080 /* AppID.swift */ = {isa = PBXFileReference; lastKnownFileType = sourcecode.swift; path = AppID.swift; sourceTree = "<group>"; };
		D0A41B6D2058D68000DCF080 /* Extension.swift */ = {isa = PBXFileReference; lastKnownFileType = sourcecode.swift; path = Extension.swift; sourceTree = "<group>"; };
		D0A41B6F205907F800DCF080 /* CalendarViewController.swift */ = {isa = PBXFileReference; lastKnownFileType = sourcecode.swift; path = CalendarViewController.swift; sourceTree = "<group>"; };
		D0A41B71205910E100DCF080 /* Event.swift */ = {isa = PBXFileReference; lastKnownFileType = sourcecode.swift; path = Event.swift; sourceTree = "<group>"; };
		D0A41B732059251100DCF080 /* AddNewEventTableViewController.swift */ = {isa = PBXFileReference; lastKnownFileType = sourcecode.swift; path = AddNewEventTableViewController.swift; sourceTree = "<group>"; };
		D0B7675720581857002BEF8B /* AllTaskViewController.swift */ = {isa = PBXFileReference; lastKnownFileType = sourcecode.swift; path = AllTaskViewController.swift; sourceTree = "<group>"; };
		D0E60463205121CF00BF7F87 /* RiBoScheduleAssistant.app */ = {isa = PBXFileReference; explicitFileType = wrapper.application; includeInIndex = 0; path = RiBoScheduleAssistant.app; sourceTree = BUILT_PRODUCTS_DIR; };
		D0E60466205121CF00BF7F87 /* AppDelegate.swift */ = {isa = PBXFileReference; lastKnownFileType = sourcecode.swift; path = AppDelegate.swift; sourceTree = "<group>"; };
		D0E60468205121CF00BF7F87 /* ViewController.swift */ = {isa = PBXFileReference; lastKnownFileType = sourcecode.swift; path = ViewController.swift; sourceTree = "<group>"; };
		D0E6046B205121CF00BF7F87 /* Base */ = {isa = PBXFileReference; lastKnownFileType = file.storyboard; name = Base; path = Base.lproj/Main.storyboard; sourceTree = "<group>"; };
		D0E6046D205121CF00BF7F87 /* Assets.xcassets */ = {isa = PBXFileReference; lastKnownFileType = folder.assetcatalog; path = Assets.xcassets; sourceTree = "<group>"; };
		D0E60470205121CF00BF7F87 /* Base */ = {isa = PBXFileReference; lastKnownFileType = file.storyboard; name = Base; path = Base.lproj/LaunchScreen.storyboard; sourceTree = "<group>"; };
		D0E60472205121CF00BF7F87 /* Info.plist */ = {isa = PBXFileReference; lastKnownFileType = text.plist.xml; path = Info.plist; sourceTree = "<group>"; };
/* End PBXFileReference section */

/* Begin PBXFrameworksBuildPhase section */
		D0E60460205121CF00BF7F87 /* Frameworks */ = {
			isa = PBXFrameworksBuildPhase;
			buildActionMask = 2147483647;
			files = (
				3C86FAD1EDEEF20A7050B876 /* Pods_RiBoScheduleAssistant.framework in Frameworks */,
			);
			runOnlyForDeploymentPostprocessing = 0;
		};
/* End PBXFrameworksBuildPhase section */

/* Begin PBXGroup section */
		C82B81E01C2B79F09DE95048 /* Frameworks */ = {
			isa = PBXGroup;
			children = (
				C5079930A74A2E62F74B608D /* Pods_RiBoScheduleAssistant.framework */,
			);
			name = Frameworks;
			sourceTree = "<group>";
		};
		D04BDD6E20576DE80015CCDB /* Controllers */ = {
			isa = PBXGroup;
			children = (
				D0E60468205121CF00BF7F87 /* ViewController.swift */,
				D0B7675620581828002BEF8B /* RiBo */,
				D0B76755205817B6002BEF8B /* Calendar */,
				D0B7675420581771002BEF8B /* Tasks */,
			);
			path = Controllers;
			sourceTree = "<group>";
		};
		D04BDD6F20576E210015CCDB /* Views */ = {
			isa = PBXGroup;
			children = (
				D0A41B652058CC7600DCF080 /* Tasks */,
				D04BDD792057B7D60015CCDB /* FSCalendar */,
			);
			path = Views;
			sourceTree = "<group>";
		};
		D04BDD7020576E290015CCDB /* Models */ = {
			isa = PBXGroup;
			children = (
				D0A41B5E2058BA5100DCF080 /* NormalModels */,
				D0A41B5D2058BA4100DCF080 /* RealmModels */,
			);
			path = Models;
			sourceTree = "<group>";
		};
		D04BDD7120576E6D0015CCDB /* Common */ = {
			isa = PBXGroup;
			children = (
				D0E60466205121CF00BF7F87 /* AppDelegate.swift */,
				D04BDD7320576E870015CCDB /* Sources */,
				D04BDD7220576E740015CCDB /* Storyboards */,
				D0A41B692058CE6E00DCF080 /* Defines */,
				D0A41B6C2058D66000DCF080 /* Extension */,
			);
			path = Common;
			sourceTree = "<group>";
		};
		D04BDD7220576E740015CCDB /* Storyboards */ = {
			isa = PBXGroup;
			children = (
				D0E6046A205121CF00BF7F87 /* Main.storyboard */,
				D0E6046F205121CF00BF7F87 /* LaunchScreen.storyboard */,
			);
			path = Storyboards;
			sourceTree = "<group>";
		};
		D04BDD7320576E870015CCDB /* Sources */ = {
			isa = PBXGroup;
			children = (
				D0E6046D205121CF00BF7F87 /* Assets.xcassets */,
			);
			path = Sources;
			sourceTree = "<group>";
		};
		D04BDD792057B7D60015CCDB /* FSCalendar */ = {
			isa = PBXGroup;
			children = (
				D04BDD7A2057B7D60015CCDB /* FSCalendar+Deprecated.m */,
				D04BDD7B2057B7D60015CCDB /* FSCalendar.h */,
				D04BDD7C2057B7D60015CCDB /* FSCalendar.m */,
				D04BDD7D2057B7D60015CCDB /* FSCalendarAppearance.h */,
				D04BDD7E2057B7D60015CCDB /* FSCalendarAppearance.m */,
				D04BDD7F2057B7D60015CCDB /* FSCalendarCalculator.h */,
				D04BDD802057B7D60015CCDB /* FSCalendarCalculator.m */,
				D04BDD812057B7D60015CCDB /* FSCalendarCell.h */,
				D04BDD822057B7D60015CCDB /* FSCalendarCell.m */,
				D04BDD832057B7D60015CCDB /* FSCalendarCollectionView.h */,
				D04BDD842057B7D60015CCDB /* FSCalendarCollectionView.m */,
				D04BDD852057B7D60015CCDB /* FSCalendarCollectionViewLayout.h */,
				D04BDD862057B7D60015CCDB /* FSCalendarCollectionViewLayout.m */,
				D04BDD872057B7D60015CCDB /* FSCalendarConstants.h */,
				D04BDD882057B7D60015CCDB /* FSCalendarConstants.m */,
				D04BDD892057B7D60015CCDB /* FSCalendarDelegationFactory.h */,
				D04BDD8A2057B7D60015CCDB /* FSCalendarDelegationFactory.m */,
				D04BDD8B2057B7D60015CCDB /* FSCalendarDelegationProxy.h */,
				D04BDD8C2057B7D60015CCDB /* FSCalendarDelegationProxy.m */,
				D04BDD8D2057B7D60015CCDB /* FSCalendarDynamicHeader.h */,
				D04BDD8E2057B7D60015CCDB /* FSCalendarExtensions.h */,
				D04BDD8F2057B7D60015CCDB /* FSCalendarExtensions.m */,
				D04BDD902057B7D60015CCDB /* FSCalendarHeaderView.h */,
				D04BDD912057B7D60015CCDB /* FSCalendarHeaderView.m */,
				D04BDD922057B7D60015CCDB /* FSCalendarScopeHandle.h */,
				D04BDD932057B7D60015CCDB /* FSCalendarScopeHandle.m */,
				D04BDD942057B7D60015CCDB /* FSCalendarStickyHeader.h */,
				D04BDD952057B7D60015CCDB /* FSCalendarStickyHeader.m */,
				D04BDD962057B7D60015CCDB /* FSCalendarTransitionCoordinator.h */,
				D04BDD972057B7D60015CCDB /* FSCalendarTransitionCoordinator.m */,
				D04BDD982057B7D60015CCDB /* FSCalendarWeekdayView.h */,
				D04BDD992057B7D60015CCDB /* FSCalendarWeekdayView.m */,
				D04BDD9A2057B7D60015CCDB /* Info.plist */,
			);
			path = FSCalendar;
			sourceTree = "<group>";
		};
		D0A41B5D2058BA4100DCF080 /* RealmModels */ = {
			isa = PBXGroup;
			children = (
				D0A41B5F2058BBB000DCF080 /* RTask.swift */,
			);
			path = RealmModels;
			sourceTree = "<group>";
		};
		D0A41B5E2058BA5100DCF080 /* NormalModels */ = {
			isa = PBXGroup;
			children = (
				D0A41B612058BBD900DCF080 /* Task.swift */,
				D0A41B71205910E100DCF080 /* Event.swift */,
			);
			path = NormalModels;
			sourceTree = "<group>";
		};
		D0A41B652058CC7600DCF080 /* Tasks */ = {
			isa = PBXGroup;
			children = (
				D0A41B662058CC8E00DCF080 /* AllTaskViewController */,
			);
			path = Tasks;
			sourceTree = "<group>";
		};
		D0A41B662058CC8E00DCF080 /* AllTaskViewController */ = {
			isa = PBXGroup;
			children = (
				D0A41B672058CD1C00DCF080 /* AllTaskTableViewCell.swift */,
			);
			path = AllTaskViewController;
			sourceTree = "<group>";
		};
		D0A41B692058CE6E00DCF080 /* Defines */ = {
			isa = PBXGroup;
			children = (
				D0A41B6A2058CE9E00DCF080 /* AppID.swift */,
			);
			path = Defines;
			sourceTree = "<group>";
		};
		D0A41B6C2058D66000DCF080 /* Extension */ = {
			isa = PBXGroup;
			children = (
				D0A41B6D2058D68000DCF080 /* Extension.swift */,
			);
			path = Extension;
			sourceTree = "<group>";
		};
		D0B7675420581771002BEF8B /* Tasks */ = {
			isa = PBXGroup;
			children = (
				D0B7675720581857002BEF8B /* AllTaskViewController.swift */,
				D0A41B632058C8F600DCF080 /* AddNewTaskTableViewController.swift */,
			);
			path = Tasks;
			sourceTree = "<group>";
		};
		D0B76755205817B6002BEF8B /* Calendar */ = {
			isa = PBXGroup;
			children = (
				D0A41B6F205907F800DCF080 /* CalendarViewController.swift */,
				D0A41B732059251100DCF080 /* AddNewEventTableViewController.swift */,
			);
			path = Calendar;
			sourceTree = "<group>";
		};
		D0B7675620581828002BEF8B /* RiBo */ = {
			isa = PBXGroup;
			children = (
			);
			path = RiBo;
			sourceTree = "<group>";
		};
		D0E6045A205121CF00BF7F87 = {
			isa = PBXGroup;
			children = (
				D0E60465205121CF00BF7F87 /* RiBoScheduleAssistant */,
				D0E60464205121CF00BF7F87 /* Products */,
				DDB3883188A795391E3DC4E4 /* Pods */,
				C82B81E01C2B79F09DE95048 /* Frameworks */,
			);
			sourceTree = "<group>";
		};
		D0E60464205121CF00BF7F87 /* Products */ = {
			isa = PBXGroup;
			children = (
				D0E60463205121CF00BF7F87 /* RiBoScheduleAssistant.app */,
			);
			name = Products;
			sourceTree = "<group>";
		};
		D0E60465205121CF00BF7F87 /* RiBoScheduleAssistant */ = {
			isa = PBXGroup;
			children = (
				D04BDD7120576E6D0015CCDB /* Common */,
				D04BDD6E20576DE80015CCDB /* Controllers */,
				D04BDD6F20576E210015CCDB /* Views */,
				D04BDD7020576E290015CCDB /* Models */,
				D0E60472205121CF00BF7F87 /* Info.plist */,
				D04BDD762057B77D0015CCDB /* RiBoScheduleAssistant-Bridging-Header.h */,
				D04BDD742057734B0015CCDB /* credentials.plist */,
			);
			path = RiBoScheduleAssistant;
			sourceTree = "<group>";
		};
		DDB3883188A795391E3DC4E4 /* Pods */ = {
			isa = PBXGroup;
			children = (
				4265980FD08BD5A20C5D0ED5 /* Pods-RiBoScheduleAssistant.debug.xcconfig */,
				9FAA6BD699EF85603C0349D2 /* Pods-RiBoScheduleAssistant.release.xcconfig */,
			);
			name = Pods;
			sourceTree = "<group>";
		};
/* End PBXGroup section */

/* Begin PBXNativeTarget section */
		D0E60462205121CF00BF7F87 /* RiBoScheduleAssistant */ = {
			isa = PBXNativeTarget;
			buildConfigurationList = D0E60475205121CF00BF7F87 /* Build configuration list for PBXNativeTarget "RiBoScheduleAssistant" */;
			buildPhases = (
				8A26688E828F58CF3834C86F /* [CP] Check Pods Manifest.lock */,
				D0E6045F205121CF00BF7F87 /* Sources */,
				D0E60460205121CF00BF7F87 /* Frameworks */,
				D0E60461205121CF00BF7F87 /* Resources */,
				1C8FDFA6B8E12329087CC922 /* [CP] Embed Pods Frameworks */,
				A7ECAF0D51A1E1DAC043DAE0 /* [CP] Copy Pods Resources */,
			);
			buildRules = (
			);
			dependencies = (
			);
			name = RiBoScheduleAssistant;
			productName = RiBoScheduleAssistant;
			productReference = D0E60463205121CF00BF7F87 /* RiBoScheduleAssistant.app */;
			productType = "com.apple.product-type.application";
		};
/* End PBXNativeTarget section */

/* Begin PBXProject section */
		D0E6045B205121CF00BF7F87 /* Project object */ = {
			isa = PBXProject;
			attributes = {
				LastSwiftUpdateCheck = 0920;
				LastUpgradeCheck = 0920;
				ORGANIZATIONNAME = "Rin Pham";
				TargetAttributes = {
					D0E60462205121CF00BF7F87 = {
						CreatedOnToolsVersion = 9.2;
						LastSwiftMigration = 0920;
						ProvisioningStyle = Automatic;
					};
				};
			};
			buildConfigurationList = D0E6045E205121CF00BF7F87 /* Build configuration list for PBXProject "RiBoScheduleAssistant" */;
			compatibilityVersion = "Xcode 8.0";
			developmentRegion = en;
			hasScannedForEncodings = 0;
			knownRegions = (
				en,
				Base,
			);
			mainGroup = D0E6045A205121CF00BF7F87;
			productRefGroup = D0E60464205121CF00BF7F87 /* Products */;
			projectDirPath = "";
			projectRoot = "";
			targets = (
				D0E60462205121CF00BF7F87 /* RiBoScheduleAssistant */,
			);
		};
/* End PBXProject section */

/* Begin PBXResourcesBuildPhase section */
		D0E60461205121CF00BF7F87 /* Resources */ = {
			isa = PBXResourcesBuildPhase;
			buildActionMask = 2147483647;
			files = (
				D0E60471205121CF00BF7F87 /* LaunchScreen.storyboard in Resources */,
				D04BDD752057734B0015CCDB /* credentials.plist in Resources */,
				D0E6046E205121CF00BF7F87 /* Assets.xcassets in Resources */,
				D04BDDAB2057B7D60015CCDB /* Info.plist in Resources */,
				D0E6046C205121CF00BF7F87 /* Main.storyboard in Resources */,
			);
			runOnlyForDeploymentPostprocessing = 0;
		};
/* End PBXResourcesBuildPhase section */

/* Begin PBXShellScriptBuildPhase section */
		1C8FDFA6B8E12329087CC922 /* [CP] Embed Pods Frameworks */ = {
			isa = PBXShellScriptBuildPhase;
			buildActionMask = 2147483647;
			files = (
			);
			inputPaths = (
				"${SRCROOT}/Pods/Target Support Files/Pods-RiBoScheduleAssistant/Pods-RiBoScheduleAssistant-frameworks.sh",
				"${BUILT_PRODUCTS_DIR}/Alamofire/Alamofire.framework",
				"${BUILT_PRODUCTS_DIR}/DatePickerDialog/DatePickerDialog.framework",
				"${BUILT_PRODUCTS_DIR}/GTMOAuth2/GTMOAuth2.framework",
				"${BUILT_PRODUCTS_DIR}/GTMSessionFetcher/GTMSessionFetcher.framework",
				"${BUILT_PRODUCTS_DIR}/GoogleToolboxForMac/GoogleToolboxForMac.framework",
				"${BUILT_PRODUCTS_DIR}/Realm/Realm.framework",
				"${BUILT_PRODUCTS_DIR}/RealmSwift/RealmSwift.framework",
				"${BUILT_PRODUCTS_DIR}/SwiftyJSON/SwiftyJSON.framework",
			);
			name = "[CP] Embed Pods Frameworks";
			outputPaths = (
				"${TARGET_BUILD_DIR}/${FRAMEWORKS_FOLDER_PATH}/Alamofire.framework",
				"${TARGET_BUILD_DIR}/${FRAMEWORKS_FOLDER_PATH}/DatePickerDialog.framework",
				"${TARGET_BUILD_DIR}/${FRAMEWORKS_FOLDER_PATH}/GTMOAuth2.framework",
				"${TARGET_BUILD_DIR}/${FRAMEWORKS_FOLDER_PATH}/GTMSessionFetcher.framework",
				"${TARGET_BUILD_DIR}/${FRAMEWORKS_FOLDER_PATH}/GoogleToolboxForMac.framework",
				"${TARGET_BUILD_DIR}/${FRAMEWORKS_FOLDER_PATH}/Realm.framework",
				"${TARGET_BUILD_DIR}/${FRAMEWORKS_FOLDER_PATH}/RealmSwift.framework",
				"${TARGET_BUILD_DIR}/${FRAMEWORKS_FOLDER_PATH}/SwiftyJSON.framework",
			);
			runOnlyForDeploymentPostprocessing = 0;
			shellPath = /bin/sh;
			shellScript = "\"${SRCROOT}/Pods/Target Support Files/Pods-RiBoScheduleAssistant/Pods-RiBoScheduleAssistant-frameworks.sh\"\n";
			showEnvVarsInLog = 0;
		};
		8A26688E828F58CF3834C86F /* [CP] Check Pods Manifest.lock */ = {
			isa = PBXShellScriptBuildPhase;
			buildActionMask = 2147483647;
			files = (
			);
			inputPaths = (
				"${PODS_PODFILE_DIR_PATH}/Podfile.lock",
				"${PODS_ROOT}/Manifest.lock",
			);
			name = "[CP] Check Pods Manifest.lock";
			outputPaths = (
				"$(DERIVED_FILE_DIR)/Pods-RiBoScheduleAssistant-checkManifestLockResult.txt",
			);
			runOnlyForDeploymentPostprocessing = 0;
			shellPath = /bin/sh;
			shellScript = "diff \"${PODS_PODFILE_DIR_PATH}/Podfile.lock\" \"${PODS_ROOT}/Manifest.lock\" > /dev/null\nif [ $? != 0 ] ; then\n    # print error to STDERR\n    echo \"error: The sandbox is not in sync with the Podfile.lock. Run 'pod install' or update your CocoaPods installation.\" >&2\n    exit 1\nfi\n# This output is used by Xcode 'outputs' to avoid re-running this script phase.\necho \"SUCCESS\" > \"${SCRIPT_OUTPUT_FILE_0}\"\n";
			showEnvVarsInLog = 0;
		};
		A7ECAF0D51A1E1DAC043DAE0 /* [CP] Copy Pods Resources */ = {
			isa = PBXShellScriptBuildPhase;
			buildActionMask = 2147483647;
			files = (
			);
			inputPaths = (
				"${SRCROOT}/Pods/Target Support Files/Pods-RiBoScheduleAssistant/Pods-RiBoScheduleAssistant-resources.sh",
				"${PODS_ROOT}/GoogleSignIn/Resources/GoogleSignIn.bundle",
			);
			name = "[CP] Copy Pods Resources";
			outputPaths = (
				"${TARGET_BUILD_DIR}/${UNLOCALIZED_RESOURCES_FOLDER_PATH}",
			);
			runOnlyForDeploymentPostprocessing = 0;
			shellPath = /bin/sh;
			shellScript = "\"${SRCROOT}/Pods/Target Support Files/Pods-RiBoScheduleAssistant/Pods-RiBoScheduleAssistant-resources.sh\"\n";
			showEnvVarsInLog = 0;
		};
/* End PBXShellScriptBuildPhase section */

/* Begin PBXSourcesBuildPhase section */
		D0E6045F205121CF00BF7F87 /* Sources */ = {
			isa = PBXSourcesBuildPhase;
			buildActionMask = 2147483647;
			files = (
				D04BDDA62057B7D60015CCDB /* FSCalendarHeaderView.m in Sources */,
				D0E60469205121CF00BF7F87 /* ViewController.swift in Sources */,
				D04BDDA72057B7D60015CCDB /* FSCalendarScopeHandle.m in Sources */,
				D0A41B742059251100DCF080 /* AddNewEventTableViewController.swift in Sources */,
				D0A41B682058CD1C00DCF080 /* AllTaskTableViewCell.swift in Sources */,
				D04BDD9F2057B7D60015CCDB /* FSCalendarCell.m in Sources */,
				D04BDDA32057B7D60015CCDB /* FSCalendarDelegationFactory.m in Sources */,
				D04BDDA42057B7D60015CCDB /* FSCalendarDelegationProxy.m in Sources */,
				D04BDDA82057B7D60015CCDB /* FSCalendarStickyHeader.m in Sources */,
				D0A41B70205907F800DCF080 /* CalendarViewController.swift in Sources */,
				D0A41B602058BBB000DCF080 /* RTask.swift in Sources */,
				D0A41B72205910E100DCF080 /* Event.swift in Sources */,
				D04BDDA92057B7D60015CCDB /* FSCalendarTransitionCoordinator.m in Sources */,
				D0A41B6E2058D68000DCF080 /* Extension.swift in Sources */,
				D04BDD9B2057B7D60015CCDB /* FSCalendar+Deprecated.m in Sources */,
				D04BDDA12057B7D60015CCDB /* FSCalendarCollectionViewLayout.m in Sources */,
				D0A41B6B2058CE9E00DCF080 /* AppID.swift in Sources */,
				D0B7675820581857002BEF8B /* AllTaskViewController.swift in Sources */,
				D04BDDAA2057B7D60015CCDB /* FSCalendarWeekdayView.m in Sources */,
				D0A41B642058C8F600DCF080 /* AddNewTaskTableViewController.swift in Sources */,
				D04BDD9E2057B7D60015CCDB /* FSCalendarCalculator.m in Sources */,
				D04BDD9C2057B7D60015CCDB /* FSCalendar.m in Sources */,
				D04BDDA22057B7D60015CCDB /* FSCalendarConstants.m in Sources */,
				D0E60467205121CF00BF7F87 /* AppDelegate.swift in Sources */,
				D04BDD9D2057B7D60015CCDB /* FSCalendarAppearance.m in Sources */,
				D04BDDA02057B7D60015CCDB /* FSCalendarCollectionView.m in Sources */,
				D0A41B622058BBD900DCF080 /* Task.swift in Sources */,
				D04BDDA52057B7D60015CCDB /* FSCalendarExtensions.m in Sources */,
			);
			runOnlyForDeploymentPostprocessing = 0;
		};
/* End PBXSourcesBuildPhase section */

/* Begin PBXVariantGroup section */
		D0E6046A205121CF00BF7F87 /* Main.storyboard */ = {
			isa = PBXVariantGroup;
			children = (
				D0E6046B205121CF00BF7F87 /* Base */,
			);
			name = Main.storyboard;
			sourceTree = "<group>";
		};
		D0E6046F205121CF00BF7F87 /* LaunchScreen.storyboard */ = {
			isa = PBXVariantGroup;
			children = (
				D0E60470205121CF00BF7F87 /* Base */,
			);
			name = LaunchScreen.storyboard;
			sourceTree = "<group>";
		};
/* End PBXVariantGroup section */

/* Begin XCBuildConfiguration section */
		D0E60473205121CF00BF7F87 /* Debug */ = {
			isa = XCBuildConfiguration;
			buildSettings = {
				ALWAYS_SEARCH_USER_PATHS = NO;
				CLANG_ANALYZER_NONNULL = YES;
				CLANG_ANALYZER_NUMBER_OBJECT_CONVERSION = YES_AGGRESSIVE;
				CLANG_CXX_LANGUAGE_STANDARD = "gnu++14";
				CLANG_CXX_LIBRARY = "libc++";
				CLANG_ENABLE_MODULES = YES;
				CLANG_ENABLE_OBJC_ARC = YES;
				CLANG_WARN_BLOCK_CAPTURE_AUTORELEASING = YES;
				CLANG_WARN_BOOL_CONVERSION = YES;
				CLANG_WARN_COMMA = YES;
				CLANG_WARN_CONSTANT_CONVERSION = YES;
				CLANG_WARN_DIRECT_OBJC_ISA_USAGE = YES_ERROR;
				CLANG_WARN_DOCUMENTATION_COMMENTS = YES;
				CLANG_WARN_EMPTY_BODY = YES;
				CLANG_WARN_ENUM_CONVERSION = YES;
				CLANG_WARN_INFINITE_RECURSION = YES;
				CLANG_WARN_INT_CONVERSION = YES;
				CLANG_WARN_NON_LITERAL_NULL_CONVERSION = YES;
				CLANG_WARN_OBJC_LITERAL_CONVERSION = YES;
				CLANG_WARN_OBJC_ROOT_CLASS = YES_ERROR;
				CLANG_WARN_RANGE_LOOP_ANALYSIS = YES;
				CLANG_WARN_STRICT_PROTOTYPES = YES;
				CLANG_WARN_SUSPICIOUS_MOVE = YES;
				CLANG_WARN_UNGUARDED_AVAILABILITY = YES_AGGRESSIVE;
				CLANG_WARN_UNREACHABLE_CODE = YES;
				CLANG_WARN__DUPLICATE_METHOD_MATCH = YES;
				CODE_SIGN_IDENTITY = "iPhone Developer";
				COPY_PHASE_STRIP = NO;
				DEBUG_INFORMATION_FORMAT = dwarf;
				ENABLE_STRICT_OBJC_MSGSEND = YES;
				ENABLE_TESTABILITY = YES;
				GCC_C_LANGUAGE_STANDARD = gnu11;
				GCC_DYNAMIC_NO_PIC = NO;
				GCC_NO_COMMON_BLOCKS = YES;
				GCC_OPTIMIZATION_LEVEL = 0;
				GCC_PREPROCESSOR_DEFINITIONS = (
					"DEBUG=1",
					"$(inherited)",
				);
				GCC_WARN_64_TO_32_BIT_CONVERSION = YES;
				GCC_WARN_ABOUT_RETURN_TYPE = YES_ERROR;
				GCC_WARN_UNDECLARED_SELECTOR = YES;
				GCC_WARN_UNINITIALIZED_AUTOS = YES_AGGRESSIVE;
				GCC_WARN_UNUSED_FUNCTION = YES;
				GCC_WARN_UNUSED_VARIABLE = YES;
				IPHONEOS_DEPLOYMENT_TARGET = 11.2;
				MTL_ENABLE_DEBUG_INFO = YES;
				ONLY_ACTIVE_ARCH = YES;
				SDKROOT = iphoneos;
				SWIFT_ACTIVE_COMPILATION_CONDITIONS = DEBUG;
				SWIFT_OPTIMIZATION_LEVEL = "-Onone";
			};
			name = Debug;
		};
		D0E60474205121CF00BF7F87 /* Release */ = {
			isa = XCBuildConfiguration;
			buildSettings = {
				ALWAYS_SEARCH_USER_PATHS = NO;
				CLANG_ANALYZER_NONNULL = YES;
				CLANG_ANALYZER_NUMBER_OBJECT_CONVERSION = YES_AGGRESSIVE;
				CLANG_CXX_LANGUAGE_STANDARD = "gnu++14";
				CLANG_CXX_LIBRARY = "libc++";
				CLANG_ENABLE_MODULES = YES;
				CLANG_ENABLE_OBJC_ARC = YES;
				CLANG_WARN_BLOCK_CAPTURE_AUTORELEASING = YES;
				CLANG_WARN_BOOL_CONVERSION = YES;
				CLANG_WARN_COMMA = YES;
				CLANG_WARN_CONSTANT_CONVERSION = YES;
				CLANG_WARN_DIRECT_OBJC_ISA_USAGE = YES_ERROR;
				CLANG_WARN_DOCUMENTATION_COMMENTS = YES;
				CLANG_WARN_EMPTY_BODY = YES;
				CLANG_WARN_ENUM_CONVERSION = YES;
				CLANG_WARN_INFINITE_RECURSION = YES;
				CLANG_WARN_INT_CONVERSION = YES;
				CLANG_WARN_NON_LITERAL_NULL_CONVERSION = YES;
				CLANG_WARN_OBJC_LITERAL_CONVERSION = YES;
				CLANG_WARN_OBJC_ROOT_CLASS = YES_ERROR;
				CLANG_WARN_RANGE_LOOP_ANALYSIS = YES;
				CLANG_WARN_STRICT_PROTOTYPES = YES;
				CLANG_WARN_SUSPICIOUS_MOVE = YES;
				CLANG_WARN_UNGUARDED_AVAILABILITY = YES_AGGRESSIVE;
				CLANG_WARN_UNREACHABLE_CODE = YES;
				CLANG_WARN__DUPLICATE_METHOD_MATCH = YES;
				CODE_SIGN_IDENTITY = "iPhone Developer";
				COPY_PHASE_STRIP = NO;
				DEBUG_INFORMATION_FORMAT = "dwarf-with-dsym";
				ENABLE_NS_ASSERTIONS = NO;
				ENABLE_STRICT_OBJC_MSGSEND = YES;
				GCC_C_LANGUAGE_STANDARD = gnu11;
				GCC_NO_COMMON_BLOCKS = YES;
				GCC_WARN_64_TO_32_BIT_CONVERSION = YES;
				GCC_WARN_ABOUT_RETURN_TYPE = YES_ERROR;
				GCC_WARN_UNDECLARED_SELECTOR = YES;
				GCC_WARN_UNINITIALIZED_AUTOS = YES_AGGRESSIVE;
				GCC_WARN_UNUSED_FUNCTION = YES;
				GCC_WARN_UNUSED_VARIABLE = YES;
				IPHONEOS_DEPLOYMENT_TARGET = 11.2;
				MTL_ENABLE_DEBUG_INFO = NO;
				SDKROOT = iphoneos;
				SWIFT_OPTIMIZATION_LEVEL = "-Owholemodule";
				VALIDATE_PRODUCT = YES;
			};
			name = Release;
		};
		D0E60476205121CF00BF7F87 /* Debug */ = {
			isa = XCBuildConfiguration;
			baseConfigurationReference = 4265980FD08BD5A20C5D0ED5 /* Pods-RiBoScheduleAssistant.debug.xcconfig */;
			buildSettings = {
				ASSETCATALOG_COMPILER_APPICON_NAME = AppIcon;
				CLANG_ENABLE_MODULES = YES;
				CODE_SIGN_STYLE = Automatic;
				INFOPLIST_FILE = RiBoScheduleAssistant/Info.plist;
				LD_RUNPATH_SEARCH_PATHS = "$(inherited) @executable_path/Frameworks";
				PRODUCT_BUNDLE_IDENTIFIER = rin.pham.RiBoScheduleAssistant;
				PRODUCT_NAME = "$(TARGET_NAME)";
				SWIFT_OBJC_BRIDGING_HEADER = "RiBoScheduleAssistant/RiBoScheduleAssistant-Bridging-Header.h";
				SWIFT_OPTIMIZATION_LEVEL = "-Onone";
				SWIFT_VERSION = 4.0;
				TARGETED_DEVICE_FAMILY = "1,2";
			};
			name = Debug;
		};
		D0E60477205121CF00BF7F87 /* Release */ = {
			isa = XCBuildConfiguration;
			baseConfigurationReference = 9FAA6BD699EF85603C0349D2 /* Pods-RiBoScheduleAssistant.release.xcconfig */;
			buildSettings = {
				ASSETCATALOG_COMPILER_APPICON_NAME = AppIcon;
				CLANG_ENABLE_MODULES = YES;
				CODE_SIGN_STYLE = Automatic;
				INFOPLIST_FILE = RiBoScheduleAssistant/Info.plist;
				LD_RUNPATH_SEARCH_PATHS = "$(inherited) @executable_path/Frameworks";
				PRODUCT_BUNDLE_IDENTIFIER = rin.pham.RiBoScheduleAssistant;
				PRODUCT_NAME = "$(TARGET_NAME)";
				SWIFT_OBJC_BRIDGING_HEADER = "RiBoScheduleAssistant/RiBoScheduleAssistant-Bridging-Header.h";
				SWIFT_VERSION = 4.0;
				TARGETED_DEVICE_FAMILY = "1,2";
			};
			name = Release;
		};
/* End XCBuildConfiguration section */

/* Begin XCConfigurationList section */
		D0E6045E205121CF00BF7F87 /* Build configuration list for PBXProject "RiBoScheduleAssistant" */ = {
			isa = XCConfigurationList;
			buildConfigurations = (
				D0E60473205121CF00BF7F87 /* Debug */,
				D0E60474205121CF00BF7F87 /* Release */,
			);
			defaultConfigurationIsVisible = 0;
			defaultConfigurationName = Release;
		};
		D0E60475205121CF00BF7F87 /* Build configuration list for PBXNativeTarget "RiBoScheduleAssistant" */ = {
			isa = XCConfigurationList;
			buildConfigurations = (
				D0E60476205121CF00BF7F87 /* Debug */,
				D0E60477205121CF00BF7F87 /* Release */,
			);
			defaultConfigurationIsVisible = 0;
			defaultConfigurationName = Release;
		};
/* End XCConfigurationList section */
	};
	rootObject = D0E6045B205121CF00BF7F87 /* Project object */;
}
